// !$*UTF8*$!
{
	archiveVersion = 1;
	classes = {
	};
	objectVersion = 46;
	objects = {

/* Begin PBXBuildFile section */
		3FD9B5F21EB6387F00050002 /* AppDelegate.swift in Sources */ = {isa = PBXBuildFile; fileRef = 3FD9B5F11EB6387F00050002 /* AppDelegate.swift */; };
		3FD9B5F41EB6387F00050002 /* ViewController.swift in Sources */ = {isa = PBXBuildFile; fileRef = 3FD9B5F31EB6387F00050002 /* ViewController.swift */; };
		3FD9B5F71EB6387F00050002 /* Main.storyboard in Resources */ = {isa = PBXBuildFile; fileRef = 3FD9B5F51EB6387F00050002 /* Main.storyboard */; };
		3FD9B5F91EB6387F00050002 /* Assets.xcassets in Resources */ = {isa = PBXBuildFile; fileRef = 3FD9B5F81EB6387F00050002 /* Assets.xcassets */; };
		3FD9B5FC1EB6387F00050002 /* LaunchScreen.storyboard in Resources */ = {isa = PBXBuildFile; fileRef = 3FD9B5FA1EB6387F00050002 /* LaunchScreen.storyboard */; };
		3FD9B6071EB6387F00050002 /* settingsTests.swift in Sources */ = {isa = PBXBuildFile; fileRef = 3FD9B6061EB6387F00050002 /* settingsTests.swift */; };
		3FD9B6121EB6387F00050002 /* settingsUITests.swift in Sources */ = {isa = PBXBuildFile; fileRef = 3FD9B6111EB6387F00050002 /* settingsUITests.swift */; };
		3FD9B6201EB6732100050002 /* TextFieldTableViewCell.swift in Sources */ = {isa = PBXBuildFile; fileRef = 3FD9B61F1EB6732100050002 /* TextFieldTableViewCell.swift */; };
/* End PBXBuildFile section */

/* Begin PBXContainerItemProxy section */
		3FD9B6031EB6387F00050002 /* PBXContainerItemProxy */ = {
			isa = PBXContainerItemProxy;
			containerPortal = 3FD9B5E61EB6387F00050002 /* Project object */;
			proxyType = 1;
			remoteGlobalIDString = 3FD9B5ED1EB6387F00050002;
			remoteInfo = settings;
		};
		3FD9B60E1EB6387F00050002 /* PBXContainerItemProxy */ = {
			isa = PBXContainerItemProxy;
			containerPortal = 3FD9B5E61EB6387F00050002 /* Project object */;
			proxyType = 1;
			remoteGlobalIDString = 3FD9B5ED1EB6387F00050002;
			remoteInfo = settings;
		};
/* End PBXContainerItemProxy section */

/* Begin PBXFileReference section */
		3FD9B5EE1EB6387F00050002 /* settings.app */ = {isa = PBXFileReference; explicitFileType = wrapper.application; includeInIndex = 0; path = settings.app; sourceTree = BUILT_PRODUCTS_DIR; };
		3FD9B5F11EB6387F00050002 /* AppDelegate.swift */ = {isa = PBXFileReference; lastKnownFileType = sourcecode.swift; path = AppDelegate.swift; sourceTree = "<group>"; };
		3FD9B5F31EB6387F00050002 /* ViewController.swift */ = {isa = PBXFileReference; lastKnownFileType = sourcecode.swift; path = ViewController.swift; sourceTree = "<group>"; };
		3FD9B5F61EB6387F00050002 /* Base */ = {isa = PBXFileReference; lastKnownFileType = file.storyboard; name = Base; path = Base.lproj/Main.storyboard; sourceTree = "<group>"; };
		3FD9B5F81EB6387F00050002 /* Assets.xcassets */ = {isa = PBXFileReference; lastKnownFileType = folder.assetcatalog; path = Assets.xcassets; sourceTree = "<group>"; };
		3FD9B5FB1EB6387F00050002 /* Base */ = {isa = PBXFileReference; lastKnownFileType = file.storyboard; name = Base; path = Base.lproj/LaunchScreen.storyboard; sourceTree = "<group>"; };
		3FD9B5FD1EB6387F00050002 /* Info.plist */ = {isa = PBXFileReference; lastKnownFileType = text.plist.xml; path = Info.plist; sourceTree = "<group>"; };
		3FD9B6021EB6387F00050002 /* settingsTests.xctest */ = {isa = PBXFileReference; explicitFileType = wrapper.cfbundle; includeInIndex = 0; path = settingsTests.xctest; sourceTree = BUILT_PRODUCTS_DIR; };
		3FD9B6061EB6387F00050002 /* settingsTests.swift */ = {isa = PBXFileReference; lastKnownFileType = sourcecode.swift; path = settingsTests.swift; sourceTree = "<group>"; };
		3FD9B6081EB6387F00050002 /* Info.plist */ = {isa = PBXFileReference; lastKnownFileType = text.plist.xml; path = Info.plist; sourceTree = "<group>"; };
		3FD9B60D1EB6387F00050002 /* settingsUITests.xctest */ = {isa = PBXFileReference; explicitFileType = wrapper.cfbundle; includeInIndex = 0; path = settingsUITests.xctest; sourceTree = BUILT_PRODUCTS_DIR; };
		3FD9B6111EB6387F00050002 /* settingsUITests.swift */ = {isa = PBXFileReference; lastKnownFileType = sourcecode.swift; path = settingsUITests.swift; sourceTree = "<group>"; };
		3FD9B6131EB6387F00050002 /* Info.plist */ = {isa = PBXFileReference; lastKnownFileType = text.plist.xml; path = Info.plist; sourceTree = "<group>"; };
		3FD9B61F1EB6732100050002 /* TextFieldTableViewCell.swift */ = {isa = PBXFileReference; fileEncoding = 4; lastKnownFileType = sourcecode.swift; path = TextFieldTableViewCell.swift; sourceTree = "<group>"; };
/* End PBXFileReference section */

/* Begin PBXFrameworksBuildPhase section */
		3FD9B5EB1EB6387F00050002 /* Frameworks */ = {
			isa = PBXFrameworksBuildPhase;
			buildActionMask = 2147483647;
			files = (
			);
			runOnlyForDeploymentPostprocessing = 0;
		};
		3FD9B5FF1EB6387F00050002 /* Frameworks */ = {
			isa = PBXFrameworksBuildPhase;
			buildActionMask = 2147483647;
			files = (
			);
			runOnlyForDeploymentPostprocessing = 0;
		};
		3FD9B60A1EB6387F00050002 /* Frameworks */ = {
			isa = PBXFrameworksBuildPhase;
			buildActionMask = 2147483647;
			files = (
			);
			runOnlyForDeploymentPostprocessing = 0;
		};
/* End PBXFrameworksBuildPhase section */

/* Begin PBXGroup section */
		3FD9B5E51EB6387F00050002 = {
			isa = PBXGroup;
			children = (
				3FD9B5F01EB6387F00050002 /* settings */,
				3FD9B6051EB6387F00050002 /* settingsTests */,
				3FD9B6101EB6387F00050002 /* settingsUITests */,
				3FD9B5EF1EB6387F00050002 /* Products */,
			);
			sourceTree = "<group>";
		};
		3FD9B5EF1EB6387F00050002 /* Products */ = {
			isa = PBXGroup;
			children = (
				3FD9B5EE1EB6387F00050002 /* settings.app */,
				3FD9B6021EB6387F00050002 /* settingsTests.xctest */,
				3FD9B60D1EB6387F00050002 /* settingsUITests.xctest */,
			);
			name = Products;
			sourceTree = "<group>";
		};
		3FD9B5F01EB6387F00050002 /* settings */ = {
			isa = PBXGroup;
			children = (
				3FD9B5F11EB6387F00050002 /* AppDelegate.swift */,
				3FD9B5F31EB6387F00050002 /* ViewController.swift */,
				3FD9B61F1EB6732100050002 /* TextFieldTableViewCell.swift */,
				3FD9B5F51EB6387F00050002 /* Main.storyboard */,
				3FD9B5F81EB6387F00050002 /* Assets.xcassets */,
				3FD9B5FA1EB6387F00050002 /* LaunchScreen.storyboard */,
				3FD9B5FD1EB6387F00050002 /* Info.plist */,
			);
			path = settings;
			sourceTree = "<group>";
		};
		3FD9B6051EB6387F00050002 /* settingsTests */ = {
			isa = PBXGroup;
			children = (
				3FD9B6061EB6387F00050002 /* settingsTests.swift */,
				3FD9B6081EB6387F00050002 /* Info.plist */,
			);
			path = settingsTests;
			sourceTree = "<group>";
		};
		3FD9B6101EB6387F00050002 /* settingsUITests */ = {
			isa = PBXGroup;
			children = (
				3FD9B6111EB6387F00050002 /* settingsUITests.swift */,
				3FD9B6131EB6387F00050002 /* Info.plist */,
			);
			path = settingsUITests;
			sourceTree = "<group>";
		};
/* End PBXGroup section */

/* Begin PBXNativeTarget section */
		3FD9B5ED1EB6387F00050002 /* settings */ = {
			isa = PBXNativeTarget;
			buildConfigurationList = 3FD9B6161EB6387F00050002 /* Build configuration list for PBXNativeTarget "settings" */;
			buildPhases = (
				3FD9B5EA1EB6387F00050002 /* Sources */,
				3FD9B5EB1EB6387F00050002 /* Frameworks */,
				3FD9B5EC1EB6387F00050002 /* Resources */,
			);
			buildRules = (
			);
			dependencies = (
			);
			name = settings;
			productName = settings;
			productReference = 3FD9B5EE1EB6387F00050002 /* settings.app */;
			productType = "com.apple.product-type.application";
		};
		3FD9B6011EB6387F00050002 /* settingsTests */ = {
			isa = PBXNativeTarget;
			buildConfigurationList = 3FD9B6191EB6387F00050002 /* Build configuration list for PBXNativeTarget "settingsTests" */;
			buildPhases = (
				3FD9B5FE1EB6387F00050002 /* Sources */,
				3FD9B5FF1EB6387F00050002 /* Frameworks */,
				3FD9B6001EB6387F00050002 /* Resources */,
			);
			buildRules = (
			);
			dependencies = (
				3FD9B6041EB6387F00050002 /* PBXTargetDependency */,
			);
			name = settingsTests;
			productName = settingsTests;
			productReference = 3FD9B6021EB6387F00050002 /* settingsTests.xctest */;
			productType = "com.apple.product-type.bundle.unit-test";
		};
		3FD9B60C1EB6387F00050002 /* settingsUITests */ = {
			isa = PBXNativeTarget;
			buildConfigurationList = 3FD9B61C1EB6387F00050002 /* Build configuration list for PBXNativeTarget "settingsUITests" */;
			buildPhases = (
				3FD9B6091EB6387F00050002 /* Sources */,
				3FD9B60A1EB6387F00050002 /* Frameworks */,
				3FD9B60B1EB6387F00050002 /* Resources */,
			);
			buildRules = (
			);
			dependencies = (
				3FD9B60F1EB6387F00050002 /* PBXTargetDependency */,
			);
			name = settingsUITests;
			productName = settingsUITests;
			productReference = 3FD9B60D1EB6387F00050002 /* settingsUITests.xctest */;
			productType = "com.apple.product-type.bundle.ui-testing";
		};
/* End PBXNativeTarget section */

/* Begin PBXProject section */
		3FD9B5E61EB6387F00050002 /* Project object */ = {
			isa = PBXProject;
			attributes = {
				LastSwiftUpdateCheck = 0810;
				LastUpgradeCheck = 0810;
				ORGANIZATIONNAME = Student;
				TargetAttributes = {
					3FD9B5ED1EB6387F00050002 = {
						CreatedOnToolsVersion = 8.1;
						DevelopmentTeam = 8T6R426RY4;
						ProvisioningStyle = Automatic;
					};
					3FD9B6011EB6387F00050002 = {
						CreatedOnToolsVersion = 8.1;
						DevelopmentTeam = 8T6R426RY4;
						ProvisioningStyle = Automatic;
						TestTargetID = 3FD9B5ED1EB6387F00050002;
					};
					3FD9B60C1EB6387F00050002 = {
						CreatedOnToolsVersion = 8.1;
						DevelopmentTeam = 8T6R426RY4;
						ProvisioningStyle = Automatic;
						TestTargetID = 3FD9B5ED1EB6387F00050002;
					};
				};
			};
			buildConfigurationList = 3FD9B5E91EB6387F00050002 /* Build configuration list for PBXProject "settings" */;
			compatibilityVersion = "Xcode 3.2";
			developmentRegion = English;
			hasScannedForEncodings = 0;
			knownRegions = (
				en,
				Base,
			);
			mainGroup = 3FD9B5E51EB6387F00050002;
			productRefGroup = 3FD9B5EF1EB6387F00050002 /* Products */;
			projectDirPath = "";
			projectRoot = "";
			targets = (
				3FD9B5ED1EB6387F00050002 /* settings */,
				3FD9B6011EB6387F00050002 /* settingsTests */,
				3FD9B60C1EB6387F00050002 /* settingsUITests */,
			);
		};
/* End PBXProject section */

/* Begin PBXResourcesBuildPhase section */
		3FD9B5EC1EB6387F00050002 /* Resources */ = {
			isa = PBXResourcesBuildPhase;
			buildActionMask = 2147483647;
			files = (
				3FD9B5FC1EB6387F00050002 /* LaunchScreen.storyboard in Resources */,
				3FD9B5F91EB6387F00050002 /* Assets.xcassets in Resources */,
				3FD9B5F71EB6387F00050002 /* Main.storyboard in Resources */,
			);
			runOnlyForDeploymentPostprocessing = 0;
		};
		3FD9B6001EB6387F00050002 /* Resources */ = {
			isa = PBXResourcesBuildPhase;
			buildActionMask = 2147483647;
			files = (
			);
			runOnlyForDeploymentPostprocessing = 0;
		};
		3FD9B60B1EB6387F00050002 /* Resources */ = {
			isa = PBXResourcesBuildPhase;
			buildActionMask = 2147483647;
			files = (
			);
			runOnlyForDeploymentPostprocessing = 0;
		};
/* End PBXResourcesBuildPhase section */

/* Begin PBXSourcesBuildPhase section */
		3FD9B5EA1EB6387F00050002 /* Sources */ = {
			isa = PBXSourcesBuildPhase;
			buildActionMask = 2147483647;
			files = (
				3FD9B6201EB6732100050002 /* TextFieldTableViewCell.swift in Sources */,
				3FD9B5F41EB6387F00050002 /* ViewController.swift in Sources */,
				3FD9B5F21EB6387F00050002 /* AppDelegate.swift in Sources */,
			);
			runOnlyForDeploymentPostprocessing = 0;
		};
		3FD9B5FE1EB6387F00050002 /* Sources */ = {
			isa = PBXSourcesBuildPhase;
			buildActionMask = 2147483647;
			files = (
				3FD9B6071EB6387F00050002 /* settingsTests.swift in Sources */,
			);
			runOnlyForDeploymentPostprocessing = 0;
		};
		3FD9B6091EB6387F00050002 /* Sources */ = {
			isa = PBXSourcesBuildPhase;
			buildActionMask = 2147483647;
			files = (
				3FD9B6121EB6387F00050002 /* settingsUITests.swift in Sources */,
			);
			runOnlyForDeploymentPostprocessing = 0;
		};
/* End PBXSourcesBuildPhase section */

/* Begin PBXTargetDependency section */
		3FD9B6041EB6387F00050002 /* PBXTargetDependency */ = {
			isa = PBXTargetDependency;
			target = 3FD9B5ED1EB6387F00050002 /* settings */;
			targetProxy = 3FD9B6031EB6387F00050002 /* PBXContainerItemProxy */;
		};
		3FD9B60F1EB6387F00050002 /* PBXTargetDependency */ = {
			isa = PBXTargetDependency;
			target = 3FD9B5ED1EB6387F00050002 /* settings */;
			targetProxy = 3FD9B60E1EB6387F00050002 /* PBXContainerItemProxy */;
		};
/* End PBXTargetDependency section */

/* Begin PBXVariantGroup section */
		3FD9B5F51EB6387F00050002 /* Main.storyboard */ = {
			isa = PBXVariantGroup;
			children = (
				3FD9B5F61EB6387F00050002 /* Base */,
			);
			name = Main.storyboard;
			sourceTree = "<group>";
		};
		3FD9B5FA1EB6387F00050002 /* LaunchScreen.storyboard */ = {
			isa = PBXVariantGroup;
			children = (
				3FD9B5FB1EB6387F00050002 /* Base */,
			);
			name = LaunchScreen.storyboard;
			sourceTree = "<group>";
		};
/* End PBXVariantGroup section */

/* Begin XCBuildConfiguration section */
		3FD9B6141EB6387F00050002 /* Debug */ = {
			isa = XCBuildConfiguration;
			buildSettings = {
				ALWAYS_SEARCH_USER_PATHS = NO;
				CLANG_ANALYZER_NONNULL = YES;
				CLANG_CXX_LANGUAGE_STANDARD = "gnu++0x";
				CLANG_CXX_LIBRARY = "libc++";
				CLANG_ENABLE_MODULES = YES;
				CLANG_ENABLE_OBJC_ARC = YES;
				CLANG_WARN_BOOL_CONVERSION = YES;
				CLANG_WARN_CONSTANT_CONVERSION = YES;
				CLANG_WARN_DIRECT_OBJC_ISA_USAGE = YES_ERROR;
				CLANG_WARN_DOCUMENTATION_COMMENTS = YES;
				CLANG_WARN_EMPTY_BODY = YES;
				CLANG_WARN_ENUM_CONVERSION = YES;
				CLANG_WARN_INFINITE_RECURSION = YES;
				CLANG_WARN_INT_CONVERSION = YES;
				CLANG_WARN_OBJC_ROOT_CLASS = YES_ERROR;
				CLANG_WARN_SUSPICIOUS_MOVES = YES;
				CLANG_WARN_UNREACHABLE_CODE = YES;
				CLANG_WARN__DUPLICATE_METHOD_MATCH = YES;
				"CODE_SIGN_IDENTITY[sdk=iphoneos*]" = "iPhone Developer";
				COPY_PHASE_STRIP = NO;
				DEBUG_INFORMATION_FORMAT = dwarf;
				ENABLE_STRICT_OBJC_MSGSEND = YES;
				ENABLE_TESTABILITY = YES;
				GCC_C_LANGUAGE_STANDARD = gnu99;
				GCC_DYNAMIC_NO_PIC = NO;
				GCC_NO_COMMON_BLOCKS = YES;
				GCC_OPTIMIZATION_LEVEL = 0;
				GCC_PREPROCESSOR_DEFINITIONS = (
					"DEBUG=1",
					"$(inherited)",
				);
				GCC_WARN_64_TO_32_BIT_CONVERSION = YES;
				GCC_WARN_ABOUT_RETURN_TYPE = YES_ERROR;
				GCC_WARN_UNDECLARED_SELECTOR = YES;
				GCC_WARN_UNINITIALIZED_AUTOS = YES_AGGRESSIVE;
				GCC_WARN_UNUSED_FUNCTION = YES;
				GCC_WARN_UNUSED_VARIABLE = YES;
				IPHONEOS_DEPLOYMENT_TARGET = 10.1;
				MTL_ENABLE_DEBUG_INFO = YES;
				ONLY_ACTIVE_ARCH = YES;
				SDKROOT = iphoneos;
				SWIFT_ACTIVE_COMPILATION_CONDITIONS = DEBUG;
				SWIFT_OPTIMIZATION_LEVEL = "-Onone";
				TARGETED_DEVICE_FAMILY = "1,2";
			};
			name = Debug;
		};
		3FD9B6151EB6387F00050002 /* Release */ = {
			isa = XCBuildConfiguration;
			buildSettings = {
				ALWAYS_SEARCH_USER_PATHS = NO;
				CLANG_ANALYZER_NONNULL = YES;
				CLANG_CXX_LANGUAGE_STANDARD = "gnu++0x";
				CLANG_CXX_LIBRARY = "libc++";
				CLANG_ENABLE_MODULES = YES;
				CLANG_ENABLE_OBJC_ARC = YES;
				CLANG_WARN_BOOL_CONVERSION = YES;
				CLANG_WARN_CONSTANT_CONVERSION = YES;
				CLANG_WARN_DIRECT_OBJC_ISA_USAGE = YES_ERROR;
				CLANG_WARN_DOCUMENTATION_COMMENTS = YES;
				CLANG_WARN_EMPTY_BODY = YES;
				CLANG_WARN_ENUM_CONVERSION = YES;
				CLANG_WARN_INFINITE_RECURSION = YES;
				CLANG_WARN_INT_CONVERSION = YES;
				CLANG_WARN_OBJC_ROOT_CLASS = YES_ERROR;
				CLANG_WARN_SUSPICIOUS_MOVES = YES;
				CLANG_WARN_UNREACHABLE_CODE = YES;
				CLANG_WARN__DUPLICATE_METHOD_MATCH = YES;
				"CODE_SIGN_IDENTITY[sdk=iphoneos*]" = "iPhone Developer";
				COPY_PHASE_STRIP = NO;
				DEBUG_INFORMATION_FORMAT = "dwarf-with-dsym";
				ENABLE_NS_ASSERTIONS = NO;
				ENABLE_STRICT_OBJC_MSGSEND = YES;
				GCC_C_LANGUAGE_STANDARD = gnu99;
				GCC_NO_COMMON_BLOCKS = YES;
				GCC_WARN_64_TO_32_BIT_CONVERSION = YES;
				GCC_WARN_ABOUT_RETURN_TYPE = YES_ERROR;
				GCC_WARN_UNDECLARED_SELECTOR = YES;
				GCC_WARN_UNINITIALIZED_AUTOS = YES_AGGRESSIVE;
				GCC_WARN_UNUSED_FUNCTION = YES;
				GCC_WARN_UNUSED_VARIABLE = YES;
				IPHONEOS_DEPLOYMENT_TARGET = 10.1;
				MTL_ENABLE_DEBUG_INFO = NO;
				SDKROOT = iphoneos;
				SWIFT_OPTIMIZATION_LEVEL = "-Owholemodule";
				TARGETED_DEVICE_FAMILY = "1,2";
				VALIDATE_PRODUCT = YES;
			};
			name = Release;
		};
		3FD9B6171EB6387F00050002 /* Debug */ = {
			isa = XCBuildConfiguration;
			buildSettings = {
				ASSETCATALOG_COMPILER_APPICON_NAME = AppIcon;
				DEVELOPMENT_TEAM = 8T6R426RY4;
				INFOPLIST_FILE = settings/Info.plist;
				LD_RUNPATH_SEARCH_PATHS = "$(inherited) @executable_path/Frameworks";
				PRODUCT_BUNDLE_IDENTIFIER = dreamteam.settings;
				PRODUCT_NAME = "$(TARGET_NAME)";
				SWIFT_VERSION = 3.0;
			};
			name = Debug;
		};
		3FD9B6181EB6387F00050002 /* Release */ = {
			isa = XCBuildConfiguration;
			buildSettings = {
				ASSETCATALOG_COMPILER_APPICON_NAME = AppIcon;
				DEVELOPMENT_TEAM = 8T6R426RY4;
				INFOPLIST_FILE = settings/Info.plist;
				LD_RUNPATH_SEARCH_PATHS = "$(inherited) @executable_path/Frameworks";
				PRODUCT_BUNDLE_IDENTIFIER = dreamteam.settings;
				PRODUCT_NAME = "$(TARGET_NAME)";
				SWIFT_VERSION = 3.0;
			};
			name = Release;
		};
		3FD9B61A1EB6387F00050002 /* Debug */ = {
			isa = XCBuildConfiguration;
			buildSettings = {
				ALWAYS_EMBED_SWIFT_STANDARD_LIBRARIES = YES;
				BUNDLE_LOADER = "$(TEST_HOST)";
				DEVELOPMENT_TEAM = 8T6R426RY4;
				INFOPLIST_FILE = settingsTests/Info.plist;
				LD_RUNPATH_SEARCH_PATHS = "$(inherited) @executable_path/Frameworks @loader_path/Frameworks";
				PRODUCT_BUNDLE_IDENTIFIER = dreamteam.settingsTests;
				PRODUCT_NAME = "$(TARGET_NAME)";
				SWIFT_VERSION = 3.0;
				TEST_HOST = "$(BUILT_PRODUCTS_DIR)/settings.app/settings";
			};
			name = Debug;
		};
		3FD9B61B1EB6387F00050002 /* Release */ = {
			isa = XCBuildConfiguration;
			buildSettings = {
				ALWAYS_EMBED_SWIFT_STANDARD_LIBRARIES = YES;
				BUNDLE_LOADER = "$(TEST_HOST)";
				DEVELOPMENT_TEAM = 8T6R426RY4;
				INFOPLIST_FILE = settingsTests/Info.plist;
				LD_RUNPATH_SEARCH_PATHS = "$(inherited) @executable_path/Frameworks @loader_path/Frameworks";
				PRODUCT_BUNDLE_IDENTIFIER = dreamteam.settingsTests;
				PRODUCT_NAME = "$(TARGET_NAME)";
				SWIFT_VERSION = 3.0;
				TEST_HOST = "$(BUILT_PRODUCTS_DIR)/settings.app/settings";
			};
			name = Release;
		};
		3FD9B61D1EB6387F00050002 /* Debug */ = {
			isa = XCBuildConfiguration;
			buildSettings = {
				ALWAYS_EMBED_SWIFT_STANDARD_LIBRARIES = YES;
				DEVELOPMENT_TEAM = 8T6R426RY4;
				INFOPLIST_FILE = settingsUITests/Info.plist;
				LD_RUNPATH_SEARCH_PATHS = "$(inherited) @executable_path/Frameworks @loader_path/Frameworks";
				PRODUCT_BUNDLE_IDENTIFIER = dreamteam.settingsUITests;
				PRODUCT_NAME = "$(TARGET_NAME)";
				SWIFT_VERSION = 3.0;
				TEST_TARGET_NAME = settings;
			};
			name = Debug;
		};
		3FD9B61E1EB6387F00050002 /* Release */ = {
			isa = XCBuildConfiguration;
			buildSettings = {
				ALWAYS_EMBED_SWIFT_STANDARD_LIBRARIES = YES;
				DEVELOPMENT_TEAM = 8T6R426RY4;
				INFOPLIST_FILE = settingsUITests/Info.plist;
				LD_RUNPATH_SEARCH_PATHS = "$(inherited) @executable_path/Frameworks @loader_path/Frameworks";
				PRODUCT_BUNDLE_IDENTIFIER = dreamteam.settingsUITests;
				PRODUCT_NAME = "$(TARGET_NAME)";
				SWIFT_VERSION = 3.0;
				TEST_TARGET_NAME = settings;
			};
			name = Release;
		};
/* End XCBuildConfiguration section */

/* Begin XCConfigurationList section */
		3FD9B5E91EB6387F00050002 /* Build configuration list for PBXProject "settings" */ = {
			isa = XCConfigurationList;
			buildConfigurations = (
				3FD9B6141EB6387F00050002 /* Debug */,
				3FD9B6151EB6387F00050002 /* Release */,
			);
			defaultConfigurationIsVisible = 0;
			defaultConfigurationName = Release;
		};
		3FD9B6161EB6387F00050002 /* Build configuration list for PBXNativeTarget "settings" */ = {
			isa = XCConfigurationList;
			buildConfigurations = (
				3FD9B6171EB6387F00050002 /* Debug */,
				3FD9B6181EB6387F00050002 /* Release */,
			);
			defaultConfigurationIsVisible = 0;
		};
		3FD9B6191EB6387F00050002 /* Build configuration list for PBXNativeTarget "settingsTests" */ = {
			isa = XCConfigurationList;
			buildConfigurations = (
				3FD9B61A1EB6387F00050002 /* Debug */,
				3FD9B61B1EB6387F00050002 /* Release */,
			);
			defaultConfigurationIsVisible = 0;
		};
		3FD9B61C1EB6387F00050002 /* Build configuration list for PBXNativeTarget "settingsUITests" */ = {
			isa = XCConfigurationList;
			buildConfigurations = (
				3FD9B61D1EB6387F00050002 /* Debug */,
				3FD9B61E1EB6387F00050002 /* Release */,
			);
			defaultConfigurationIsVisible = 0;
		};
/* End XCConfigurationList section */
	};
	rootObject = 3FD9B5E61EB6387F00050002 /* Project object */;
}
